
Microsoft Visual Studio Solution File, Format Version 12.00
# Visual Studio 15
Project("{FAE04EC0-301F-11D3-BF4B-00C04F79EFBC}") = "Assembly-CSharp", "Assembly-CSharp.csproj", "{D5A3D2CF-146B-1DD0-5FAC-A0D775EBAA70}"
EndProject
Project("{FAE04EC0-301F-11D3-BF4B-00C04F79EFBC}") = "Tests", "Tests.csproj", "{93AB78A4-1DFE-0AE3-6C20-9AF9EA38FEAD}"
EndProject
Global
	GlobalSection(SolutionConfigurationPlatforms) = preSolution
		Debug|Any CPU = Debug|Any CPU
		Release|Any CPU = Release|Any CPU
	EndGlobalSection
	GlobalSection(ProjectConfigurationPlatforms) = postSolution
		{D5A3D2CF-146B-1DD0-5FAC-A0D775EBAA70}.Debug|Any CPU.ActiveCfg = Debug|Any CPU
		{D5A3D2CF-146B-1DD0-5FAC-A0D775EBAA70}.Debug|Any CPU.Build.0 = Debug|Any CPU
		{D5A3D2CF-146B-1DD0-5FAC-A0D775EBAA70}.Release|Any CPU.ActiveCfg = Release|Any CPU
		{D5A3D2CF-146B-1DD0-5FAC-A0D775EBAA70}.Release|Any CPU.Build.0 = Release|Any CPU
		{93AB78A4-1DFE-0AE3-6C20-9AF9EA38FEAD}.Debug|Any CPU.ActiveCfg = Debug|Any CPU
		{93AB78A4-1DFE-0AE3-6C20-9AF9EA38FEAD}.Debug|Any CPU.Build.0 = Debug|Any CPU
		{93AB78A4-1DFE-0AE3-6C20-9AF9EA38FEAD}.Release|Any CPU.ActiveCfg = Release|Any CPU
		{93AB78A4-1DFE-0AE3-6C20-9AF9EA38FEAD}.Release|Any CPU.Build.0 = Release|Any CPU
	EndGlobalSection
	GlobalSection(SolutionProperties) = preSolution
		HideSolutionNode = FALSE
	EndGlobalSection
EndGlobal
